// !$*UTF8*$!
{
	archiveVersion = 1;
	classes = {
	};
	objectVersion = 56;
	objects = {

/* Begin PBXBuildFile section */
		A067071F2B8DD6B7000E579D /* FlightViewModel.swift in Sources */ = {isa = PBXBuildFile; fileRef = A067071E2B8DD6B7000E579D /* FlightViewModel.swift */; };
		A0ACDB0A2B8DC1AC003D9133 /* AppDelegate.swift in Sources */ = {isa = PBXBuildFile; fileRef = A0ACDB092B8DC1AC003D9133 /* AppDelegate.swift */; };
		A0ACDB0C2B8DC1AC003D9133 /* SceneDelegate.swift in Sources */ = {isa = PBXBuildFile; fileRef = A0ACDB0B2B8DC1AC003D9133 /* SceneDelegate.swift */; };
		A0ACDB0E2B8DC1AC003D9133 /* ViewController.swift in Sources */ = {isa = PBXBuildFile; fileRef = A0ACDB0D2B8DC1AC003D9133 /* ViewController.swift */; };
		A0ACDB112B8DC1AC003D9133 /* Main.storyboard in Resources */ = {isa = PBXBuildFile; fileRef = A0ACDB0F2B8DC1AC003D9133 /* Main.storyboard */; };
		A0ACDB132B8DC1AE003D9133 /* Assets.xcassets in Resources */ = {isa = PBXBuildFile; fileRef = A0ACDB122B8DC1AE003D9133 /* Assets.xcassets */; };
		A0ACDB162B8DC1AE003D9133 /* LaunchScreen.storyboard in Resources */ = {isa = PBXBuildFile; fileRef = A0ACDB142B8DC1AE003D9133 /* LaunchScreen.storyboard */; };
		A0ACDB212B8DC1AE003D9133 /* ApiTests.swift in Sources */ = {isa = PBXBuildFile; fileRef = A0ACDB202B8DC1AE003D9133 /* ApiTests.swift */; };
		A0ACDB2B2B8DC1AE003D9133 /* ApiUITests.swift in Sources */ = {isa = PBXBuildFile; fileRef = A0ACDB2A2B8DC1AE003D9133 /* ApiUITests.swift */; };
		A0ACDB2D2B8DC1AE003D9133 /* ApiUITestsLaunchTests.swift in Sources */ = {isa = PBXBuildFile; fileRef = A0ACDB2C2B8DC1AE003D9133 /* ApiUITestsLaunchTests.swift */; };
		A0ACDB3B2B8DC1CD003D9133 /* NetworkManager.swift in Sources */ = {isa = PBXBuildFile; fileRef = A0ACDB3A2B8DC1CD003D9133 /* NetworkManager.swift */; };
		A0ACDB3D2B8DC26D003D9133 /* NetworkUtil.swift in Sources */ = {isa = PBXBuildFile; fileRef = A0ACDB3C2B8DC26D003D9133 /* NetworkUtil.swift */; };
/* End PBXBuildFile section */

/* Begin PBXContainerItemProxy section */
		A0ACDB1D2B8DC1AE003D9133 /* PBXContainerItemProxy */ = {
			isa = PBXContainerItemProxy;
			containerPortal = A0ACDAFE2B8DC1AC003D9133 /* Project object */;
			proxyType = 1;
			remoteGlobalIDString = A0ACDB052B8DC1AC003D9133;
			remoteInfo = Api;
		};
		A0ACDB272B8DC1AE003D9133 /* PBXContainerItemProxy */ = {
			isa = PBXContainerItemProxy;
			containerPortal = A0ACDAFE2B8DC1AC003D9133 /* Project object */;
			proxyType = 1;
			remoteGlobalIDString = A0ACDB052B8DC1AC003D9133;
			remoteInfo = Api;
		};
/* End PBXContainerItemProxy section */

/* Begin PBXFileReference section */
		A067071E2B8DD6B7000E579D /* FlightViewModel.swift */ = {isa = PBXFileReference; lastKnownFileType = sourcecode.swift; name = FlightViewModel.swift; path = Api/FlightViewModel.swift; sourceTree = SOURCE_ROOT; };
		A0ACDB062B8DC1AC003D9133 /* Api.app */ = {isa = PBXFileReference; explicitFileType = wrapper.application; includeInIndex = 0; path = Api.app; sourceTree = BUILT_PRODUCTS_DIR; };
		A0ACDB092B8DC1AC003D9133 /* AppDelegate.swift */ = {isa = PBXFileReference; lastKnownFileType = sourcecode.swift; path = AppDelegate.swift; sourceTree = "<group>"; };
		A0ACDB0B2B8DC1AC003D9133 /* SceneDelegate.swift */ = {isa = PBXFileReference; lastKnownFileType = sourcecode.swift; path = SceneDelegate.swift; sourceTree = "<group>"; };
		A0ACDB0D2B8DC1AC003D9133 /* ViewController.swift */ = {isa = PBXFileReference; lastKnownFileType = sourcecode.swift; path = ViewController.swift; sourceTree = "<group>"; };
		A0ACDB102B8DC1AC003D9133 /* Base */ = {isa = PBXFileReference; lastKnownFileType = file.storyboard; name = Base; path = Base.lproj/Main.storyboard; sourceTree = "<group>"; };
		A0ACDB122B8DC1AE003D9133 /* Assets.xcassets */ = {isa = PBXFileReference; lastKnownFileType = folder.assetcatalog; path = Assets.xcassets; sourceTree = "<group>"; };
		A0ACDB152B8DC1AE003D9133 /* Base */ = {isa = PBXFileReference; lastKnownFileType = file.storyboard; name = Base; path = Base.lproj/LaunchScreen.storyboard; sourceTree = "<group>"; };
		A0ACDB172B8DC1AE003D9133 /* Info.plist */ = {isa = PBXFileReference; lastKnownFileType = text.plist.xml; path = Info.plist; sourceTree = "<group>"; };
		A0ACDB1C2B8DC1AE003D9133 /* ApiTests.xctest */ = {isa = PBXFileReference; explicitFileType = wrapper.cfbundle; includeInIndex = 0; path = ApiTests.xctest; sourceTree = BUILT_PRODUCTS_DIR; };
		A0ACDB202B8DC1AE003D9133 /* ApiTests.swift */ = {isa = PBXFileReference; lastKnownFileType = sourcecode.swift; path = ApiTests.swift; sourceTree = "<group>"; };
		A0ACDB262B8DC1AE003D9133 /* ApiUITests.xctest */ = {isa = PBXFileReference; explicitFileType = wrapper.cfbundle; includeInIndex = 0; path = ApiUITests.xctest; sourceTree = BUILT_PRODUCTS_DIR; };
		A0ACDB2A2B8DC1AE003D9133 /* ApiUITests.swift */ = {isa = PBXFileReference; lastKnownFileType = sourcecode.swift; path = ApiUITests.swift; sourceTree = "<group>"; };
		A0ACDB2C2B8DC1AE003D9133 /* ApiUITestsLaunchTests.swift */ = {isa = PBXFileReference; lastKnownFileType = sourcecode.swift; path = ApiUITestsLaunchTests.swift; sourceTree = "<group>"; };
		A0ACDB3A2B8DC1CD003D9133 /* NetworkManager.swift */ = {isa = PBXFileReference; lastKnownFileType = sourcecode.swift; path = NetworkManager.swift; sourceTree = "<group>"; };
		A0ACDB3C2B8DC26D003D9133 /* NetworkUtil.swift */ = {isa = PBXFileReference; lastKnownFileType = sourcecode.swift; path = NetworkUtil.swift; sourceTree = "<group>"; };
/* End PBXFileReference section */

/* Begin PBXFrameworksBuildPhase section */
		A0ACDB032B8DC1AC003D9133 /* Frameworks */ = {
			isa = PBXFrameworksBuildPhase;
			buildActionMask = 2147483647;
			files = (
			);
			runOnlyForDeploymentPostprocessing = 0;
		};
		A0ACDB192B8DC1AE003D9133 /* Frameworks */ = {
			isa = PBXFrameworksBuildPhase;
			buildActionMask = 2147483647;
			files = (
			);
			runOnlyForDeploymentPostprocessing = 0;
		};
		A0ACDB232B8DC1AE003D9133 /* Frameworks */ = {
			isa = PBXFrameworksBuildPhase;
			buildActionMask = 2147483647;
			files = (
			);
			runOnlyForDeploymentPostprocessing = 0;
		};
/* End PBXFrameworksBuildPhase section */

/* Begin PBXGroup section */
		A0ACDAFD2B8DC1AC003D9133 = {
			isa = PBXGroup;
			children = (
				A0ACDB082B8DC1AC003D9133 /* Api */,
				A0ACDB1F2B8DC1AE003D9133 /* ApiTests */,
				A0ACDB292B8DC1AE003D9133 /* ApiUITests */,
				A0ACDB072B8DC1AC003D9133 /* Products */,
			);
			sourceTree = "<group>";
		};
		A0ACDB072B8DC1AC003D9133 /* Products */ = {
			isa = PBXGroup;
			children = (
				A0ACDB062B8DC1AC003D9133 /* Api.app */,
				A0ACDB1C2B8DC1AE003D9133 /* ApiTests.xctest */,
				A0ACDB262B8DC1AE003D9133 /* ApiUITests.xctest */,
			);
			name = Products;
			sourceTree = "<group>";
		};
		A0ACDB082B8DC1AC003D9133 /* Api */ = {
			isa = PBXGroup;
			children = (
				A067071E2B8DD6B7000E579D /* FlightViewModel.swift */,
				A0ACDB392B8DC1B3003D9133 /* network */,
				A0ACDB092B8DC1AC003D9133 /* AppDelegate.swift */,
				A0ACDB0B2B8DC1AC003D9133 /* SceneDelegate.swift */,
				A0ACDB0D2B8DC1AC003D9133 /* ViewController.swift */,
				A0ACDB0F2B8DC1AC003D9133 /* Main.storyboard */,
				A0ACDB122B8DC1AE003D9133 /* Assets.xcassets */,
				A0ACDB142B8DC1AE003D9133 /* LaunchScreen.storyboard */,
				A0ACDB172B8DC1AE003D9133 /* Info.plist */,
			);
			path = Api;
			sourceTree = "<group>";
		};
		A0ACDB1F2B8DC1AE003D9133 /* ApiTests */ = {
			isa = PBXGroup;
			children = (
				A0ACDB202B8DC1AE003D9133 /* ApiTests.swift */,
			);
			path = ApiTests;
			sourceTree = "<group>";
		};
		A0ACDB292B8DC1AE003D9133 /* ApiUITests */ = {
			isa = PBXGroup;
			children = (
				A0ACDB2A2B8DC1AE003D9133 /* ApiUITests.swift */,
				A0ACDB2C2B8DC1AE003D9133 /* ApiUITestsLaunchTests.swift */,
			);
			path = ApiUITests;
			sourceTree = "<group>";
		};
		A0ACDB392B8DC1B3003D9133 /* network */ = {
			isa = PBXGroup;
			children = (
				A0ACDB3A2B8DC1CD003D9133 /* NetworkManager.swift */,
				A0ACDB3C2B8DC26D003D9133 /* NetworkUtil.swift */,
			);
			path = network;
			sourceTree = "<group>";
		};
/* End PBXGroup section */

/* Begin PBXNativeTarget section */
		A0ACDB052B8DC1AC003D9133 /* Api */ = {
			isa = PBXNativeTarget;
			buildConfigurationList = A0ACDB302B8DC1AE003D9133 /* Build configuration list for PBXNativeTarget "Api" */;
			buildPhases = (
				A0ACDB022B8DC1AC003D9133 /* Sources */,
				A0ACDB032B8DC1AC003D9133 /* Frameworks */,
				A0ACDB042B8DC1AC003D9133 /* Resources */,
			);
			buildRules = (
			);
			dependencies = (
			);
			name = Api;
			productName = Api;
			productReference = A0ACDB062B8DC1AC003D9133 /* Api.app */;
			productType = "com.apple.product-type.application";
		};
		A0ACDB1B2B8DC1AE003D9133 /* ApiTests */ = {
			isa = PBXNativeTarget;
			buildConfigurationList = A0ACDB332B8DC1AE003D9133 /* Build configuration list for PBXNativeTarget "ApiTests" */;
			buildPhases = (
				A0ACDB182B8DC1AE003D9133 /* Sources */,
				A0ACDB192B8DC1AE003D9133 /* Frameworks */,
				A0ACDB1A2B8DC1AE003D9133 /* Resources */,
			);
			buildRules = (
			);
			dependencies = (
				A0ACDB1E2B8DC1AE003D9133 /* PBXTargetDependency */,
			);
			name = ApiTests;
			productName = ApiTests;
			productReference = A0ACDB1C2B8DC1AE003D9133 /* ApiTests.xctest */;
			productType = "com.apple.product-type.bundle.unit-test";
		};
		A0ACDB252B8DC1AE003D9133 /* ApiUITests */ = {
			isa = PBXNativeTarget;
			buildConfigurationList = A0ACDB362B8DC1AE003D9133 /* Build configuration list for PBXNativeTarget "ApiUITests" */;
			buildPhases = (
				A0ACDB222B8DC1AE003D9133 /* Sources */,
				A0ACDB232B8DC1AE003D9133 /* Frameworks */,
				A0ACDB242B8DC1AE003D9133 /* Resources */,
			);
			buildRules = (
			);
			dependencies = (
				A0ACDB282B8DC1AE003D9133 /* PBXTargetDependency */,
			);
			name = ApiUITests;
			productName = ApiUITests;
			productReference = A0ACDB262B8DC1AE003D9133 /* ApiUITests.xctest */;
			productType = "com.apple.product-type.bundle.ui-testing";
		};
/* End PBXNativeTarget section */

/* Begin PBXProject section */
		A0ACDAFE2B8DC1AC003D9133 /* Project object */ = {
			isa = PBXProject;
			attributes = {
				BuildIndependentTargetsInParallel = 1;
				LastSwiftUpdateCheck = 1520;
				LastUpgradeCheck = 1520;
				TargetAttributes = {
					A0ACDB052B8DC1AC003D9133 = {
						CreatedOnToolsVersion = 15.2;
					};
					A0ACDB1B2B8DC1AE003D9133 = {
						CreatedOnToolsVersion = 15.2;
						TestTargetID = A0ACDB052B8DC1AC003D9133;
					};
					A0ACDB252B8DC1AE003D9133 = {
						CreatedOnToolsVersion = 15.2;
						TestTargetID = A0ACDB052B8DC1AC003D9133;
					};
				};
			};
			buildConfigurationList = A0ACDB012B8DC1AC003D9133 /* Build configuration list for PBXProject "Api" */;
			compatibilityVersion = "Xcode 14.0";
			developmentRegion = en;
			hasScannedForEncodings = 0;
			knownRegions = (
				en,
				Base,
			);
			mainGroup = A0ACDAFD2B8DC1AC003D9133;
			productRefGroup = A0ACDB072B8DC1AC003D9133 /* Products */;
			projectDirPath = "";
			projectRoot = "";
			targets = (
				A0ACDB052B8DC1AC003D9133 /* Api */,
				A0ACDB1B2B8DC1AE003D9133 /* ApiTests */,
				A0ACDB252B8DC1AE003D9133 /* ApiUITests */,
			);
		};
/* End PBXProject section */

/* Begin PBXResourcesBuildPhase section */
		A0ACDB042B8DC1AC003D9133 /* Resources */ = {
			isa = PBXResourcesBuildPhase;
			buildActionMask = 2147483647;
			files = (
				A0ACDB162B8DC1AE003D9133 /* LaunchScreen.storyboard in Resources */,
				A0ACDB132B8DC1AE003D9133 /* Assets.xcassets in Resources */,
				A0ACDB112B8DC1AC003D9133 /* Main.storyboard in Resources */,
			);
			runOnlyForDeploymentPostprocessing = 0;
		};
		A0ACDB1A2B8DC1AE003D9133 /* Resources */ = {
			isa = PBXResourcesBuildPhase;
			buildActionMask = 2147483647;
			files = (
			);
			runOnlyForDeploymentPostprocessing = 0;
		};
		A0ACDB242B8DC1AE003D9133 /* Resources */ = {
			isa = PBXResourcesBuildPhase;
			buildActionMask = 2147483647;
			files = (
			);
			runOnlyForDeploymentPostprocessing = 0;
		};
/* End PBXResourcesBuildPhase section */

/* Begin PBXSourcesBuildPhase section */
		A0ACDB022B8DC1AC003D9133 /* Sources */ = {
			isa = PBXSourcesBuildPhase;
			buildActionMask = 2147483647;
			files = (
				A067071F2B8DD6B7000E579D /* FlightViewModel.swift in Sources */,
				A0ACDB3D2B8DC26D003D9133 /* NetworkUtil.swift in Sources */,
				A0ACDB3B2B8DC1CD003D9133 /* NetworkManager.swift in Sources */,
				A0ACDB0E2B8DC1AC003D9133 /* ViewController.swift in Sources */,
				A0ACDB0A2B8DC1AC003D9133 /* AppDelegate.swift in Sources */,
				A0ACDB0C2B8DC1AC003D9133 /* SceneDelegate.swift in Sources */,
			);
			runOnlyForDeploymentPostprocessing = 0;
		};
		A0ACDB182B8DC1AE003D9133 /* Sources */ = {
			isa = PBXSourcesBuildPhase;
			buildActionMask = 2147483647;
			files = (
				A0ACDB212B8DC1AE003D9133 /* ApiTests.swift in Sources */,
			);
			runOnlyForDeploymentPostprocessing = 0;
		};
		A0ACDB222B8DC1AE003D9133 /* Sources */ = {
			isa = PBXSourcesBuildPhase;
			buildActionMask = 2147483647;
			files = (
				A0ACDB2B2B8DC1AE003D9133 /* ApiUITests.swift in Sources */,
				A0ACDB2D2B8DC1AE003D9133 /* ApiUITestsLaunchTests.swift in Sources */,
			);
			runOnlyForDeploymentPostprocessing = 0;
		};
/* End PBXSourcesBuildPhase section */

/* Begin PBXTargetDependency section */
		A0ACDB1E2B8DC1AE003D9133 /* PBXTargetDependency */ = {
			isa = PBXTargetDependency;
			target = A0ACDB052B8DC1AC003D9133 /* Api */;
			targetProxy = A0ACDB1D2B8DC1AE003D9133 /* PBXContainerItemProxy */;
		};
		A0ACDB282B8DC1AE003D9133 /* PBXTargetDependency */ = {
			isa = PBXTargetDependency;
			target = A0ACDB052B8DC1AC003D9133 /* Api */;
			targetProxy = A0ACDB272B8DC1AE003D9133 /* PBXContainerItemProxy */;
		};
/* End PBXTargetDependency section */

/* Begin PBXVariantGroup section */
		A0ACDB0F2B8DC1AC003D9133 /* Main.storyboard */ = {
			isa = PBXVariantGroup;
			children = (
				A0ACDB102B8DC1AC003D9133 /* Base */,
			);
			name = Main.storyboard;
			sourceTree = "<group>";
		};
		A0ACDB142B8DC1AE003D9133 /* LaunchScreen.storyboard */ = {
			isa = PBXVariantGroup;
			children = (
				A0ACDB152B8DC1AE003D9133 /* Base */,
			);
			name = LaunchScreen.storyboard;
			sourceTree = "<group>";
		};
/* End PBXVariantGroup section */

/* Begin XCBuildConfiguration section */
		A0ACDB2E2B8DC1AE003D9133 /* Debug */ = {
			isa = XCBuildConfiguration;
			buildSettings = {
				ALWAYS_SEARCH_USER_PATHS = NO;
				ASSETCATALOG_COMPILER_GENERATE_SWIFT_ASSET_SYMBOL_EXTENSIONS = YES;
				CLANG_ANALYZER_NONNULL = YES;
				CLANG_ANALYZER_NUMBER_OBJECT_CONVERSION = YES_AGGRESSIVE;
				CLANG_CXX_LANGUAGE_STANDARD = "gnu++20";
				CLANG_ENABLE_MODULES = YES;
				CLANG_ENABLE_OBJC_ARC = YES;
				CLANG_ENABLE_OBJC_WEAK = YES;
				CLANG_WARN_BLOCK_CAPTURE_AUTORELEASING = YES;
				CLANG_WARN_BOOL_CONVERSION = YES;
				CLANG_WARN_COMMA = YES;
				CLANG_WARN_CONSTANT_CONVERSION = YES;
				CLANG_WARN_DEPRECATED_OBJC_IMPLEMENTATIONS = YES;
				CLANG_WARN_DIRECT_OBJC_ISA_USAGE = YES_ERROR;
				CLANG_WARN_DOCUMENTATION_COMMENTS = YES;
				CLANG_WARN_EMPTY_BODY = YES;
				CLANG_WARN_ENUM_CONVERSION = YES;
				CLANG_WARN_INFINITE_RECURSION = YES;
				CLANG_WARN_INT_CONVERSION = YES;
				CLANG_WARN_NON_LITERAL_NULL_CONVERSION = YES;
				CLANG_WARN_OBJC_IMPLICIT_RETAIN_SELF = YES;
				CLANG_WARN_OBJC_LITERAL_CONVERSION = YES;
				CLANG_WARN_OBJC_ROOT_CLASS = YES_ERROR;
				CLANG_WARN_QUOTED_INCLUDE_IN_FRAMEWORK_HEADER = YES;
				CLANG_WARN_RANGE_LOOP_ANALYSIS = YES;
				CLANG_WARN_STRICT_PROTOTYPES = YES;
				CLANG_WARN_SUSPICIOUS_MOVE = YES;
				CLANG_WARN_UNGUARDED_AVAILABILITY = YES_AGGRESSIVE;
				CLANG_WARN_UNREACHABLE_CODE = YES;
				CLANG_WARN__DUPLICATE_METHOD_MATCH = YES;
				COPY_PHASE_STRIP = NO;
				DEBUG_INFORMATION_FORMAT = dwarf;
				ENABLE_STRICT_OBJC_MSGSEND = YES;
				ENABLE_TESTABILITY = YES;
				ENABLE_USER_SCRIPT_SANDBOXING = YES;
				GCC_C_LANGUAGE_STANDARD = gnu17;
				GCC_DYNAMIC_NO_PIC = NO;
				GCC_NO_COMMON_BLOCKS = YES;
				GCC_OPTIMIZATION_LEVEL = 0;
				GCC_PREPROCESSOR_DEFINITIONS = (
					"DEBUG=1",
					"$(inherited)",
				);
				GCC_WARN_64_TO_32_BIT_CONVERSION = YES;
				GCC_WARN_ABOUT_RETURN_TYPE = YES_ERROR;
				GCC_WARN_UNDECLARED_SELECTOR = YES;
				GCC_WARN_UNINITIALIZED_AUTOS = YES_AGGRESSIVE;
				GCC_WARN_UNUSED_FUNCTION = YES;
				GCC_WARN_UNUSED_VARIABLE = YES;
				IPHONEOS_DEPLOYMENT_TARGET = 17.2;
				LOCALIZATION_PREFERS_STRING_CATALOGS = YES;
				MTL_ENABLE_DEBUG_INFO = INCLUDE_SOURCE;
				MTL_FAST_MATH = YES;
				ONLY_ACTIVE_ARCH = YES;
				SDKROOT = iphoneos;
				SWIFT_ACTIVE_COMPILATION_CONDITIONS = "DEBUG $(inherited)";
				SWIFT_OPTIMIZATION_LEVEL = "-Onone";
			};
			name = Debug;
		};
		A0ACDB2F2B8DC1AE003D9133 /* Release */ = {
			isa = XCBuildConfiguration;
			buildSettings = {
				ALWAYS_SEARCH_USER_PATHS = NO;
				ASSETCATALOG_COMPILER_GENERATE_SWIFT_ASSET_SYMBOL_EXTENSIONS = YES;
				CLANG_ANALYZER_NONNULL = YES;
				CLANG_ANALYZER_NUMBER_OBJECT_CONVERSION = YES_AGGRESSIVE;
				CLANG_CXX_LANGUAGE_STANDARD = "gnu++20";
				CLANG_ENABLE_MODULES = YES;
				CLANG_ENABLE_OBJC_ARC = YES;
				CLANG_ENABLE_OBJC_WEAK = YES;
				CLANG_WARN_BLOCK_CAPTURE_AUTORELEASING = YES;
				CLANG_WARN_BOOL_CONVERSION = YES;
				CLANG_WARN_COMMA = YES;
				CLANG_WARN_CONSTANT_CONVERSION = YES;
				CLANG_WARN_DEPRECATED_OBJC_IMPLEMENTATIONS = YES;
				CLANG_WARN_DIRECT_OBJC_ISA_USAGE = YES_ERROR;
				CLANG_WARN_DOCUMENTATION_COMMENTS = YES;
				CLANG_WARN_EMPTY_BODY = YES;
				CLANG_WARN_ENUM_CONVERSION = YES;
				CLANG_WARN_INFINITE_RECURSION = YES;
				CLANG_WARN_INT_CONVERSION = YES;
				CLANG_WARN_NON_LITERAL_NULL_CONVERSION = YES;
				CLANG_WARN_OBJC_IMPLICIT_RETAIN_SELF = YES;
				CLANG_WARN_OBJC_LITERAL_CONVERSION = YES;
				CLANG_WARN_OBJC_ROOT_CLASS = YES_ERROR;
				CLANG_WARN_QUOTED_INCLUDE_IN_FRAMEWORK_HEADER = YES;
				CLANG_WARN_RANGE_LOOP_ANALYSIS = YES;
				CLANG_WARN_STRICT_PROTOTYPES = YES;
				CLANG_WARN_SUSPICIOUS_MOVE = YES;
				CLANG_WARN_UNGUARDED_AVAILABILITY = YES_AGGRESSIVE;
				CLANG_WARN_UNREACHABLE_CODE = YES;
				CLANG_WARN__DUPLICATE_METHOD_MATCH = YES;
				COPY_PHASE_STRIP = NO;
				DEBUG_INFORMATION_FORMAT = "dwarf-with-dsym";
				ENABLE_NS_ASSERTIONS = NO;
				ENABLE_STRICT_OBJC_MSGSEND = YES;
				ENABLE_USER_SCRIPT_SANDBOXING = YES;
				GCC_C_LANGUAGE_STANDARD = gnu17;
				GCC_NO_COMMON_BLOCKS = YES;
				GCC_WARN_64_TO_32_BIT_CONVERSION = YES;
				GCC_WARN_ABOUT_RETURN_TYPE = YES_ERROR;
				GCC_WARN_UNDECLARED_SELECTOR = YES;
				GCC_WARN_UNINITIALIZED_AUTOS = YES_AGGRESSIVE;
				GCC_WARN_UNUSED_FUNCTION = YES;
				GCC_WARN_UNUSED_VARIABLE = YES;
				IPHONEOS_DEPLOYMENT_TARGET = 17.2;
				LOCALIZATION_PREFERS_STRING_CATALOGS = YES;
				MTL_ENABLE_DEBUG_INFO = NO;
				MTL_FAST_MATH = YES;
				SDKROOT = iphoneos;
				SWIFT_COMPILATION_MODE = wholemodule;
				VALIDATE_PRODUCT = YES;
			};
			name = Release;
		};
		A0ACDB312B8DC1AE003D9133 /* Debug */ = {
			isa = XCBuildConfiguration;
			buildSettings = {
				ASSETCATALOG_COMPILER_APPICON_NAME = AppIcon;
				ASSETCATALOG_COMPILER_GLOBAL_ACCENT_COLOR_NAME = AccentColor;
				CODE_SIGN_STYLE = Automatic;
				CURRENT_PROJECT_VERSION = 1;
				DEVELOPMENT_TEAM = HCL8TGRA4A;
				GENERATE_INFOPLIST_FILE = YES;
				INFOPLIST_FILE = Api/Info.plist;
				INFOPLIST_KEY_UIApplicationSupportsIndirectInputEvents = YES;
				INFOPLIST_KEY_UILaunchStoryboardName = LaunchScreen;
				INFOPLIST_KEY_UIMainStoryboardFile = Main;
				INFOPLIST_KEY_UISupportedInterfaceOrientations_iPad = "UIInterfaceOrientationPortrait UIInterfaceOrientationPortraitUpsideDown UIInterfaceOrientationLandscapeLeft UIInterfaceOrientationLandscapeRight";
				INFOPLIST_KEY_UISupportedInterfaceOrientations_iPhone = "UIInterfaceOrientationPortrait UIInterfaceOrientationLandscapeLeft UIInterfaceOrientationLandscapeRight";
				LD_RUNPATH_SEARCH_PATHS = (
					"$(inherited)",
					"@executable_path/Frameworks",
				);
				MARKETING_VERSION = 1.0;
				PRODUCT_BUNDLE_IDENTIFIER = com.swiftPractice.Api;
				PRODUCT_NAME = "$(TARGET_NAME)";
				SWIFT_EMIT_LOC_STRINGS = YES;
				SWIFT_VERSION = 5.0;
				TARGETED_DEVICE_FAMILY = "1,2";
			};
			name = Debug;
		};
		A0ACDB322B8DC1AE003D9133 /* Release */ = {
			isa = XCBuildConfiguration;
			buildSettings = {
				ASSETCATALOG_COMPILER_APPICON_NAME = AppIcon;
				ASSETCATALOG_COMPILER_GLOBAL_ACCENT_COLOR_NAME = AccentColor;
				CODE_SIGN_STYLE = Automatic;
				CURRENT_PROJECT_VERSION = 1;
				DEVELOPMENT_TEAM = HCL8TGRA4A;
				GENERATE_INFOPLIST_FILE = YES;
				INFOPLIST_FILE = Api/Info.plist;
				INFOPLIST_KEY_UIApplicationSupportsIndirectInputEvents = YES;
				INFOPLIST_KEY_UILaunchStoryboardName = LaunchScreen;
				INFOPLIST_KEY_UIMainStoryboardFile = Main;
				INFOPLIST_KEY_UISupportedInterfaceOrientations_iPad = "UIInterfaceOrientationPortrait UIInterfaceOrientationPortraitUpsideDown UIInterfaceOrientationLandscapeLeft UIInterfaceOrientationLandscapeRight";
				INFOPLIST_KEY_UISupportedInterfaceOrientations_iPhone = "UIInterfaceOrientationPortrait UIInterfaceOrientationLandscapeLeft UIInterfaceOrientationLandscapeRight";
				LD_RUNPATH_SEARCH_PATHS = (
					"$(inherited)",
					"@executable_path/Frameworks",
				);
				MARKETING_VERSION = 1.0;
				PRODUCT_BUNDLE_IDENTIFIER = com.swiftPractice.Api;
				PRODUCT_NAME = "$(TARGET_NAME)";
				SWIFT_EMIT_LOC_STRINGS = YES;
				SWIFT_VERSION = 5.0;
				TARGETED_DEVICE_FAMILY = "1,2";
			};
			name = Release;
		};
		A0ACDB342B8DC1AE003D9133 /* Debug */ = {
			isa = XCBuildConfiguration;
			buildSettings = {
				ALWAYS_EMBED_SWIFT_STANDARD_LIBRARIES = YES;
				BUNDLE_LOADER = "$(TEST_HOST)";
				CODE_SIGN_STYLE = Automatic;
				CURRENT_PROJECT_VERSION = 1;
				DEVELOPMENT_TEAM = HCL8TGRA4A;
				GENERATE_INFOPLIST_FILE = YES;
				IPHONEOS_DEPLOYMENT_TARGET = 17.2;
				MARKETING_VERSION = 1.0;
				PRODUCT_BUNDLE_IDENTIFIER = com.swiftPractice.ApiTests;
				PRODUCT_NAME = "$(TARGET_NAME)";
				SWIFT_EMIT_LOC_STRINGS = NO;
				SWIFT_VERSION = 5.0;
				TARGETED_DEVICE_FAMILY = "1,2";
				TEST_HOST = "$(BUILT_PRODUCTS_DIR)/Api.app/$(BUNDLE_EXECUTABLE_FOLDER_PATH)/Api";
			};
			name = Debug;
		};
		A0ACDB352B8DC1AE003D9133 /* Release */ = {
			isa = XCBuildConfiguration;
			buildSettings = {
				ALWAYS_EMBED_SWIFT_STANDARD_LIBRARIES = YES;
				BUNDLE_LOADER = "$(TEST_HOST)";
				CODE_SIGN_STYLE = Automatic;
				CURRENT_PROJECT_VERSION = 1;
				DEVELOPMENT_TEAM = HCL8TGRA4A;
				GENERATE_INFOPLIST_FILE = YES;
				IPHONEOS_DEPLOYMENT_TARGET = 17.2;
				MARKETING_VERSION = 1.0;
				PRODUCT_BUNDLE_IDENTIFIER = com.swiftPractice.ApiTests;
				PRODUCT_NAME = "$(TARGET_NAME)";
				SWIFT_EMIT_LOC_STRINGS = NO;
				SWIFT_VERSION = 5.0;
				TARGETED_DEVICE_FAMILY = "1,2";
				TEST_HOST = "$(BUILT_PRODUCTS_DIR)/Api.app/$(BUNDLE_EXECUTABLE_FOLDER_PATH)/Api";
			};
			name = Release;
		};
		A0ACDB372B8DC1AE003D9133 /* Debug */ = {
			isa = XCBuildConfiguration;
			buildSettings = {
				ALWAYS_EMBED_SWIFT_STANDARD_LIBRARIES = YES;
				CODE_SIGN_STYLE = Automatic;
				CURRENT_PROJECT_VERSION = 1;
				DEVELOPMENT_TEAM = HCL8TGRA4A;
				GENERATE_INFOPLIST_FILE = YES;
				MARKETING_VERSION = 1.0;
				PRODUCT_BUNDLE_IDENTIFIER = com.swiftPractice.ApiUITests;
				PRODUCT_NAME = "$(TARGET_NAME)";
				SWIFT_EMIT_LOC_STRINGS = NO;
				SWIFT_VERSION = 5.0;
				TARGETED_DEVICE_FAMILY = "1,2";
				TEST_TARGET_NAME = Api;
			};
			name = Debug;
		};
		A0ACDB382B8DC1AE003D9133 /* Release */ = {
			isa = XCBuildConfiguration;
			buildSettings = {
				ALWAYS_EMBED_SWIFT_STANDARD_LIBRARIES = YES;
				CODE_SIGN_STYLE = Automatic;
				CURRENT_PROJECT_VERSION = 1;
				DEVELOPMENT_TEAM = HCL8TGRA4A;
				GENERATE_INFOPLIST_FILE = YES;
				MARKETING_VERSION = 1.0;
				PRODUCT_BUNDLE_IDENTIFIER = com.swiftPractice.ApiUITests;
				PRODUCT_NAME = "$(TARGET_NAME)";
				SWIFT_EMIT_LOC_STRINGS = NO;
				SWIFT_VERSION = 5.0;
				TARGETED_DEVICE_FAMILY = "1,2";
				TEST_TARGET_NAME = Api;
			};
			name = Release;
		};
/* End XCBuildConfiguration section */

/* Begin XCConfigurationList section */
		A0ACDB012B8DC1AC003D9133 /* Build configuration list for PBXProject "Api" */ = {
			isa = XCConfigurationList;
			buildConfigurations = (
				A0ACDB2E2B8DC1AE003D9133 /* Debug */,
				A0ACDB2F2B8DC1AE003D9133 /* Release */,
			);
			defaultConfigurationIsVisible = 0;
			defaultConfigurationName = Release;
		};
		A0ACDB302B8DC1AE003D9133 /* Build configuration list for PBXNativeTarget "Api" */ = {
			isa = XCConfigurationList;
			buildConfigurations = (
				A0ACDB312B8DC1AE003D9133 /* Debug */,
				A0ACDB322B8DC1AE003D9133 /* Release */,
			);
			defaultConfigurationIsVisible = 0;
			defaultConfigurationName = Release;
		};
		A0ACDB332B8DC1AE003D9133 /* Build configuration list for PBXNativeTarget "ApiTests" */ = {
			isa = XCConfigurationList;
			buildConfigurations = (
				A0ACDB342B8DC1AE003D9133 /* Debug */,
				A0ACDB352B8DC1AE003D9133 /* Release */,
			);
			defaultConfigurationIsVisible = 0;
			defaultConfigurationName = Release;
		};
		A0ACDB362B8DC1AE003D9133 /* Build configuration list for PBXNativeTarget "ApiUITests" */ = {
			isa = XCConfigurationList;
			buildConfigurations = (
				A0ACDB372B8DC1AE003D9133 /* Debug */,
				A0ACDB382B8DC1AE003D9133 /* Release */,
			);
			defaultConfigurationIsVisible = 0;
			defaultConfigurationName = Release;
		};
/* End XCConfigurationList section */
	};
	rootObject = A0ACDAFE2B8DC1AC003D9133 /* Project object */;
}
